
Microsoft Visual Studio Solution File, Format Version 12.00
# Visual Studio Version 17
VisualStudioVersion = 17.12.35527.113
MinimumVisualStudioVersion = 10.0.40219.1
Project("{FAE04EC0-301F-11D3-BF4B-00C04F79EFBC}") = "CASRegistryUtil", "CASRegistryUtil\CASRegistryUtil.csproj", "{DE412B0B-33D7-4634-989F-F9296269B5AE}"
EndProject
Project("{FAE04EC0-301F-11D3-BF4B-00C04F79EFBC}") = "CASRegistryUtil.UnitTests", "CASRegistryUtil.UnitTests\CASRegistryUtil.UnitTests.csproj", "{DE964A04-6C71-4F8A-B149-62A21BC73849}"
EndProject
Global
	GlobalSection(SolutionConfigurationPlatforms) = preSolution
		Debug|Any CPU = Debug|Any CPU
		Release|Any CPU = Release|Any CPU
	EndGlobalSection
	GlobalSection(ProjectConfigurationPlatforms) = postSolution
		{DE412B0B-33D7-4634-989F-F9296269B5AE}.Debug|Any CPU.ActiveCfg = Debug|Any CPU
		{DE412B0B-33D7-4634-989F-F9296269B5AE}.Debug|Any CPU.Build.0 = Debug|Any CPU
		{DE412B0B-33D7-4634-989F-F9296269B5AE}.Release|Any CPU.ActiveCfg = Release|Any CPU
		{DE412B0B-33D7-4634-989F-F9296269B5AE}.Release|Any CPU.Build.0 = Release|Any CPU
		{DE964A04-6C71-4F8A-B149-62A21BC73849}.Debug|Any CPU.ActiveCfg = Debug|Any CPU
		{DE964A04-6C71-4F8A-B149-62A21BC73849}.Debug|Any CPU.Build.0 = Debug|Any CPU
		{DE964A04-6C71-4F8A-B149-62A21BC73849}.Release|Any CPU.ActiveCfg = Release|Any CPU
		{DE964A04-6C71-4F8A-B149-62A21BC73849}.Release|Any CPU.Build.0 = Release|Any CPU
	EndGlobalSection
	GlobalSection(SolutionProperties) = preSolution
		HideSolutionNode = FALSE
	EndGlobalSection
	GlobalSection(ExtensibilityGlobals) = postSolution
		SolutionGuid = {36FFC5A5-29E8-4B27-B33F-F38A350DDED1}
	EndGlobalSection
EndGlobal
